
Microsoft Visual Studio Solution File, Format Version 12.00
# Visual Studio Version 17
VisualStudioVersion = 17.13.35931.197
MinimumVisualStudioVersion = 10.0.40219.1
Project("{FAE04EC0-301F-11D3-BF4B-00C04F79EFBC}") = "Aloe.Utils.Wafu.JisCompat", "Aloe.Utils.Wafu.JisCompat\Aloe.Utils.Wafu.JisCompat.csproj", "{0C09923F-9D80-A8AB-FE24-77146CC20AA6}"
EndProject
Project("{FAE04EC0-301F-11D3-BF4B-00C04F79EFBC}") = "Aloe.Utils.Wafu.JisCompat.Tests", "Aloe.Utils.Wafu.JisCompat.Tests\Aloe.Utils.Wafu.JisCompat.Tests.csproj", "{C184FF03-613B-FE89-01AA-FDC81F855CDD}"
EndProject
Global
	GlobalSection(SolutionConfigurationPlatforms) = preSolution
		Debug|Any CPU = Debug|Any CPU
		Release|Any CPU = Release|Any CPU
	EndGlobalSection
	GlobalSection(ProjectConfigurationPlatforms) = postSolution
		{0C09923F-9D80-A8AB-FE24-77146CC20AA6}.Debug|Any CPU.ActiveCfg = Debug|Any CPU
		{0C09923F-9D80-A8AB-FE24-77146CC20AA6}.Debug|Any CPU.Build.0 = Debug|Any CPU
		{0C09923F-9D80-A8AB-FE24-77146CC20AA6}.Release|Any CPU.ActiveCfg = Release|Any CPU
		{0C09923F-9D80-A8AB-FE24-77146CC20AA6}.Release|Any CPU.Build.0 = Release|Any CPU
		{C184FF03-613B-FE89-01AA-FDC81F855CDD}.Debug|Any CPU.ActiveCfg = Debug|Any CPU
		{C184FF03-613B-FE89-01AA-FDC81F855CDD}.Debug|Any CPU.Build.0 = Debug|Any CPU
		{C184FF03-613B-FE89-01AA-FDC81F855CDD}.Release|Any CPU.ActiveCfg = Release|Any CPU
		{C184FF03-613B-FE89-01AA-FDC81F855CDD}.Release|Any CPU.Build.0 = Release|Any CPU
	EndGlobalSection
	GlobalSection(SolutionProperties) = preSolution
		HideSolutionNode = FALSE
	EndGlobalSection
	GlobalSection(ExtensibilityGlobals) = postSolution
		SolutionGuid = {455AFF96-837F-4EE3-A9A4-38F53B326498}
	EndGlobalSection
EndGlobal
